
Microsoft Visual Studio Solution File, Format Version 12.00
# Visual Studio Version 17
VisualStudioVersion = 17.1.32319.34
MinimumVisualStudioVersion = 10.0.40219.1
Project("{FAE04EC0-301F-11D3-BF4B-00C04F79EFBC}") = "collegeManagementMagniFinance", "collegeManagementMagniFinance\collegeManagementMagniFinance.csproj", "{1A89FC74-6FBD-4D3E-8BC8-64487A7618DD}"
EndProject
Project("{FAE04EC0-301F-11D3-BF4B-00C04F79EFBC}") = "MOD", "MOD\MOD.csproj", "{6EB33CA0-950B-4C7B-8DFF-E6DFCD28C80E}"
EndProject
Project("{FAE04EC0-301F-11D3-BF4B-00C04F79EFBC}") = "DAL", "DAL\DAL.csproj", "{776D5639-FB14-4D59-B462-6EB7E5251DB4}"
EndProject
Project("{FAE04EC0-301F-11D3-BF4B-00C04F79EFBC}") = "BLL", "BLL\BLL.csproj", "{7B1130EE-3561-4CD1-93F3-2B478B628D11}"
EndProject
Project("{FAE04EC0-301F-11D3-BF4B-00C04F79EFBC}") = "Infra", "Infra\Infra.csproj", "{D9033D86-9907-44FD-8C3A-B1D3DD5930EE}"
EndProject
Global
	GlobalSection(SolutionConfigurationPlatforms) = preSolution
		Debug|Any CPU = Debug|Any CPU
		Release|Any CPU = Release|Any CPU
	EndGlobalSection
	GlobalSection(ProjectConfigurationPlatforms) = postSolution
		{1A89FC74-6FBD-4D3E-8BC8-64487A7618DD}.Debug|Any CPU.ActiveCfg = Debug|Any CPU
		{1A89FC74-6FBD-4D3E-8BC8-64487A7618DD}.Debug|Any CPU.Build.0 = Debug|Any CPU
		{1A89FC74-6FBD-4D3E-8BC8-64487A7618DD}.Release|Any CPU.ActiveCfg = Release|Any CPU
		{1A89FC74-6FBD-4D3E-8BC8-64487A7618DD}.Release|Any CPU.Build.0 = Release|Any CPU
		{6EB33CA0-950B-4C7B-8DFF-E6DFCD28C80E}.Debug|Any CPU.ActiveCfg = Debug|Any CPU
		{6EB33CA0-950B-4C7B-8DFF-E6DFCD28C80E}.Debug|Any CPU.Build.0 = Debug|Any CPU
		{6EB33CA0-950B-4C7B-8DFF-E6DFCD28C80E}.Release|Any CPU.ActiveCfg = Release|Any CPU
		{6EB33CA0-950B-4C7B-8DFF-E6DFCD28C80E}.Release|Any CPU.Build.0 = Release|Any CPU
		{776D5639-FB14-4D59-B462-6EB7E5251DB4}.Debug|Any CPU.ActiveCfg = Debug|Any CPU
		{776D5639-FB14-4D59-B462-6EB7E5251DB4}.Debug|Any CPU.Build.0 = Debug|Any CPU
		{776D5639-FB14-4D59-B462-6EB7E5251DB4}.Release|Any CPU.ActiveCfg = Release|Any CPU
		{776D5639-FB14-4D59-B462-6EB7E5251DB4}.Release|Any CPU.Build.0 = Release|Any CPU
		{7B1130EE-3561-4CD1-93F3-2B478B628D11}.Debug|Any CPU.ActiveCfg = Debug|Any CPU
		{7B1130EE-3561-4CD1-93F3-2B478B628D11}.Debug|Any CPU.Build.0 = Debug|Any CPU
		{7B1130EE-3561-4CD1-93F3-2B478B628D11}.Release|Any CPU.ActiveCfg = Release|Any CPU
		{7B1130EE-3561-4CD1-93F3-2B478B628D11}.Release|Any CPU.Build.0 = Release|Any CPU
		{D9033D86-9907-44FD-8C3A-B1D3DD5930EE}.Debug|Any CPU.ActiveCfg = Debug|Any CPU
		{D9033D86-9907-44FD-8C3A-B1D3DD5930EE}.Debug|Any CPU.Build.0 = Debug|Any CPU
		{D9033D86-9907-44FD-8C3A-B1D3DD5930EE}.Release|Any CPU.ActiveCfg = Release|Any CPU
		{D9033D86-9907-44FD-8C3A-B1D3DD5930EE}.Release|Any CPU.Build.0 = Release|Any CPU
	EndGlobalSection
	GlobalSection(SolutionProperties) = preSolution
		HideSolutionNode = FALSE
	EndGlobalSection
	GlobalSection(ExtensibilityGlobals) = postSolution
		SolutionGuid = {682B65E3-FB04-4D9E-AF79-F0265048EF5F}
	EndGlobalSection
EndGlobal
